github.com/monoculum/formam v3.5.5+incompatible h1:iPl5csfEN96G2N2mGu8V/ZB62XLf9ySTpC8KRH6qXec=
github.com/monoculum/formam v3.5.5+incompatible/go.mod h1:RKgILGEJq24YyJ2ban8EO0RUVSJlF1pGsEvoLEACr/Q=
zgo.at/guru v1.1.0 h1:hvMLOzPnv7XApwJZgxvFxBA8wb6RGPUw9lz8kmq450g=
zgo.at/guru v1.1.0/go.mod h1:eltnfk6QwmM7ic3OLzmGMjEChP2iLuYXERyliREiA00=
zgo.at/json v0.0.0-20200627042140-d5025253667f/go.mod h1:DUuNIRpNC7/cup+Gy0qhwQEjjlLFXXRZ04VnVv9bf3E=
zgo.at/json v0.0.0-20211017213340-cc8bf51df08c h1:+1NJehERsfdFM/8hLp/StIgPOJjqqxoUhTonRfxI914=
zgo.at/json v0.0.0-20211017213340-cc8bf51df08c/go.mod h1:DUuNIRpNC7/cup+Gy0qhwQEjjlLFXXRZ04VnVv9bf3E=
zgo.at/zlog v0.0.0-20201213081304-1dc74ce06e5f h1:ySpTSREDks0yr4Hu/52uelg+KFkYLP4Hf4tOB0po27g=
zgo.at/zlog v0.0.0-20201213081304-1dc74ce06e5f/go.mod h1:YkLAQZjLsp1RqWHn8SJokHzXyYU+6FZjM4GNY64IKME=
zgo.at/zstd v0.0.0-20210512041107-8951517febd3/go.mod h1:sQqrTxBwKW0nlwcOg9RxXB8ikY+NBciJnJRPOq/gEuY=
zgo.at/zstd v0.0.0-20220306174247-aa79e904bd64 h1:HAVMPWihLj5efVqidp9roItAE1qLKKlJeyQA7OLMheY=
zgo.at/zstd v0.0.0-20220306174247-aa79e904bd64/go.mod h1:sQqrTxBwKW0nlwcOg9RxXB8ikY+NBciJnJRPOq/gEuY=
zgo.at/ztpl v0.0.0-20211017232908-7dce3dc79277 h1:FicTpGqTvbeeRMA4tp+hmQ3vthoNoTr8KFq04l/uDec=
zgo.at/ztpl v0.0.0-20211017232908-7dce3dc79277/go.mod h1:mhjSF7+pfwMjNhDgmw9Ywr1CixzeVWuvMjF7gLJT8Uw=
