github.com/monoculum/formam v0.0.0-20210131081218-41b48e2a724b h1:Iwvedi9ZDiJXu125WNj0Xm1fm3VKwbged5BavcLyz0Y=
github.com/monoculum/formam v0.0.0-20210131081218-41b48e2a724b/go.mod h1:JKa2av1XVkGjhxdLS59nDoXa2JpmIHpnURWNbzCtXtc=
zgo.at/guru v1.1.0 h1:hvMLOzPnv7XApwJZgxvFxBA8wb6RGPUw9lz8kmq450g=
zgo.at/guru v1.1.0/go.mod h1:eltnfk6QwmM7ic3OLzmGMjEChP2iLuYXERyliREiA00=
zgo.at/json v0.0.0-20200627042140-d5025253667f h1:o4XL0oDtAzxN+mkVCti8MYz5nLNfbrl17I78rqLWQrk=
zgo.at/json v0.0.0-20200627042140-d5025253667f/go.mod h1:DUuNIRpNC7/cup+Gy0qhwQEjjlLFXXRZ04VnVv9bf3E=
zgo.at/zlog v0.0.0-20201213081304-1dc74ce06e5f h1:ySpTSREDks0yr4Hu/52uelg+KFkYLP4Hf4tOB0po27g=
zgo.at/zlog v0.0.0-20201213081304-1dc74ce06e5f/go.mod h1:YkLAQZjLsp1RqWHn8SJokHzXyYU+6FZjM4GNY64IKME=
zgo.at/zstd v0.0.0-20210319081021-26379cd4f78f h1:qIbFq5awF3ZHn75P9cTOHJMqKXqxWom0iS5Ai1IbdG4=
zgo.at/zstd v0.0.0-20210319081021-26379cd4f78f/go.mod h1:sQqrTxBwKW0nlwcOg9RxXB8ikY+NBciJnJRPOq/gEuY=
